
Microsoft Visual Studio Solution File, Format Version 12.00
# Visual Studio 2015
Project("{FAE04EC0-301F-11D3-BF4B-00C04F79EFBC}") = "TankShooter", "TankShooter.csproj", "{8111DD42-4B6B-F926-9240-42199B0493D2}"
EndProject
Project("{FAE04EC0-301F-11D3-BF4B-00C04F79EFBC}") = "TankShooter.Editor", "TankShooter.Editor.csproj", "{93C9F2F5-8CB6-2793-2268-3E2967B8E3E3}"
EndProject
Global
	GlobalSection(SolutionConfigurationPlatforms) = preSolution
		Debug|Any CPU = Debug|Any CPU
		Release|Any CPU = Release|Any CPU
	EndGlobalSection
	GlobalSection(ProjectConfigurationPlatforms) = postSolution
		{8111DD42-4B6B-F926-9240-42199B0493D2}.Debug|Any CPU.ActiveCfg = Debug|Any CPU
		{8111DD42-4B6B-F926-9240-42199B0493D2}.Debug|Any CPU.Build.0 = Debug|Any CPU
		{8111DD42-4B6B-F926-9240-42199B0493D2}.Release|Any CPU.ActiveCfg = Release|Any CPU
		{8111DD42-4B6B-F926-9240-42199B0493D2}.Release|Any CPU.Build.0 = Release|Any CPU
		{93C9F2F5-8CB6-2793-2268-3E2967B8E3E3}.Debug|Any CPU.ActiveCfg = Debug|Any CPU
		{93C9F2F5-8CB6-2793-2268-3E2967B8E3E3}.Debug|Any CPU.Build.0 = Debug|Any CPU
		{93C9F2F5-8CB6-2793-2268-3E2967B8E3E3}.Release|Any CPU.ActiveCfg = Release|Any CPU
		{93C9F2F5-8CB6-2793-2268-3E2967B8E3E3}.Release|Any CPU.Build.0 = Release|Any CPU
	EndGlobalSection
	GlobalSection(SolutionProperties) = preSolution
		HideSolutionNode = FALSE
	EndGlobalSection
EndGlobal
